// !$*UTF8*$!
{
	archiveVersion = 1;
	classes = {
	};
	objectVersion = 50;
	objects = {

/* Begin PBXBuildFile section */
		490DAA5320FCA8D7003C0628 /* AnimalTableViewCell.swift in Sources */ = {isa = PBXBuildFile; fileRef = 490DAA5120FCA8D7003C0628 /* AnimalTableViewCell.swift */; };
		490DAA5420FCA8D7003C0628 /* AnimalTableViewCell.xib in Resources */ = {isa = PBXBuildFile; fileRef = 490DAA5220FCA8D7003C0628 /* AnimalTableViewCell.xib */; };
		49B9912120FBE5600086FD01 /* AppDelegate.swift in Sources */ = {isa = PBXBuildFile; fileRef = 49B9912020FBE5600086FD01 /* AppDelegate.swift */; };
		49B9912620FBE5600086FD01 /* Main.storyboard in Resources */ = {isa = PBXBuildFile; fileRef = 49B9912420FBE5600086FD01 /* Main.storyboard */; };
		49B9912820FBE5610086FD01 /* Assets.xcassets in Resources */ = {isa = PBXBuildFile; fileRef = 49B9912720FBE5610086FD01 /* Assets.xcassets */; };
		49B9912B20FBE5610086FD01 /* LaunchScreen.storyboard in Resources */ = {isa = PBXBuildFile; fileRef = 49B9912920FBE5610086FD01 /* LaunchScreen.storyboard */; };
		49B9913520FBEFCF0086FD01 /* AnimalViewController.swift in Sources */ = {isa = PBXBuildFile; fileRef = 49B9913420FBEFCF0086FD01 /* AnimalViewController.swift */; };
		49B9913820FBF20C0086FD01 /* Animal.swift in Sources */ = {isa = PBXBuildFile; fileRef = 49B9913720FBF20C0086FD01 /* Animal.swift */; };
		49B9913A20FBF22C0086FD01 /* Dog.swift in Sources */ = {isa = PBXBuildFile; fileRef = 49B9913920FBF22C0086FD01 /* Dog.swift */; };
		49B9913C20FBF27D0086FD01 /* Cat.swift in Sources */ = {isa = PBXBuildFile; fileRef = 49B9913B20FBF27D0086FD01 /* Cat.swift */; };
		49B9913E20FBF2A40086FD01 /* Parrot.swift in Sources */ = {isa = PBXBuildFile; fileRef = 49B9913D20FBF2A40086FD01 /* Parrot.swift */; };
		49B9914020FBF2BB0086FD01 /* Parekeet.swift in Sources */ = {isa = PBXBuildFile; fileRef = 49B9913F20FBF2BB0086FD01 /* Parekeet.swift */; };
		49B9914220FBF3280086FD01 /* Ferret.swift in Sources */ = {isa = PBXBuildFile; fileRef = 49B9914120FBF3280086FD01 /* Ferret.swift */; };
		49B9914520FBF3660086FD01 /* AnimalFactory.swift in Sources */ = {isa = PBXBuildFile; fileRef = 49B9914420FBF3660086FD01 /* AnimalFactory.swift */; };
		49B9914820FBF9BA0086FD01 /* DetailAnimalViewController.swift in Sources */ = {isa = PBXBuildFile; fileRef = 49B9914720FBF9BA0086FD01 /* DetailAnimalViewController.swift */; };
		49B9914C20FBFB260086FD01 /* AnimalDataSource.swift in Sources */ = {isa = PBXBuildFile; fileRef = 49B9914B20FBFB260086FD01 /* AnimalDataSource.swift */; };
		49E3B46420FDF95C000E6E2E /* CurrentAnimalViewController.swift in Sources */ = {isa = PBXBuildFile; fileRef = 49E3B46320FDF95C000E6E2E /* CurrentAnimalViewController.swift */; };
		49E3B46D20FDFD6C000E6E2E /* QuoteFactory.swift in Sources */ = {isa = PBXBuildFile; fileRef = 49E3B46C20FDFD6C000E6E2E /* QuoteFactory.swift */; };
		49E3B46F20FDFDCB000E6E2E /* Quote.swift in Sources */ = {isa = PBXBuildFile; fileRef = 49E3B46E20FDFDCB000E6E2E /* Quote.swift */; };
		49E3B47220FDFE82000E6E2E /* DogQuote.swift in Sources */ = {isa = PBXBuildFile; fileRef = 49E3B47120FDFE82000E6E2E /* DogQuote.swift */; };
		49E3B47420FDFF1B000E6E2E /* CatQuote.swift in Sources */ = {isa = PBXBuildFile; fileRef = 49E3B47320FDFF1B000E6E2E /* CatQuote.swift */; };
		49E3B47620FDFF74000E6E2E /* ParrotQuote.swift in Sources */ = {isa = PBXBuildFile; fileRef = 49E3B47520FDFF74000E6E2E /* ParrotQuote.swift */; };
		49E3B47820FDFFC3000E6E2E /* ParekeetQuote.swift in Sources */ = {isa = PBXBuildFile; fileRef = 49E3B47720FDFFC3000E6E2E /* ParekeetQuote.swift */; };
		49E3B47A20FE0000000E6E2E /* FerretQuote.swift in Sources */ = {isa = PBXBuildFile; fileRef = 49E3B47920FE0000000E6E2E /* FerretQuote.swift */; };
		49E3B47D20FE0267000E6E2E /* QuoteRequester.swift in Sources */ = {isa = PBXBuildFile; fileRef = 49E3B47C20FE0267000E6E2E /* QuoteRequester.swift */; };
/* End PBXBuildFile section */

/* Begin PBXFileReference section */
		490DAA5120FCA8D7003C0628 /* AnimalTableViewCell.swift */ = {isa = PBXFileReference; lastKnownFileType = sourcecode.swift; name = AnimalTableViewCell.swift; path = AnimalProject/Controllers/AnimalTableViewCell.swift; sourceTree = SOURCE_ROOT; };
		490DAA5220FCA8D7003C0628 /* AnimalTableViewCell.xib */ = {isa = PBXFileReference; lastKnownFileType = file.xib; name = AnimalTableViewCell.xib; path = AnimalProject/Controllers/AnimalTableViewCell.xib; sourceTree = SOURCE_ROOT; };
		49B9911D20FBE5600086FD01 /* AnimalProject.app */ = {isa = PBXFileReference; explicitFileType = wrapper.application; includeInIndex = 0; path = AnimalProject.app; sourceTree = BUILT_PRODUCTS_DIR; };
		49B9912020FBE5600086FD01 /* AppDelegate.swift */ = {isa = PBXFileReference; lastKnownFileType = sourcecode.swift; path = AppDelegate.swift; sourceTree = "<group>"; };
		49B9912520FBE5600086FD01 /* Base */ = {isa = PBXFileReference; lastKnownFileType = file.storyboard; name = Base; path = Base.lproj/Main.storyboard; sourceTree = "<group>"; };
		49B9912720FBE5610086FD01 /* Assets.xcassets */ = {isa = PBXFileReference; lastKnownFileType = folder.assetcatalog; path = Assets.xcassets; sourceTree = "<group>"; };
		49B9912A20FBE5610086FD01 /* Base */ = {isa = PBXFileReference; lastKnownFileType = file.storyboard; name = Base; path = Base.lproj/LaunchScreen.storyboard; sourceTree = "<group>"; };
		49B9912C20FBE5610086FD01 /* Info.plist */ = {isa = PBXFileReference; lastKnownFileType = text.plist.xml; path = Info.plist; sourceTree = "<group>"; };
		49B9913420FBEFCF0086FD01 /* AnimalViewController.swift */ = {isa = PBXFileReference; lastKnownFileType = sourcecode.swift; path = AnimalViewController.swift; sourceTree = "<group>"; };
		49B9913720FBF20C0086FD01 /* Animal.swift */ = {isa = PBXFileReference; lastKnownFileType = sourcecode.swift; path = Animal.swift; sourceTree = "<group>"; };
		49B9913920FBF22C0086FD01 /* Dog.swift */ = {isa = PBXFileReference; lastKnownFileType = sourcecode.swift; path = Dog.swift; sourceTree = "<group>"; };
		49B9913B20FBF27D0086FD01 /* Cat.swift */ = {isa = PBXFileReference; lastKnownFileType = sourcecode.swift; path = Cat.swift; sourceTree = "<group>"; };
		49B9913D20FBF2A40086FD01 /* Parrot.swift */ = {isa = PBXFileReference; lastKnownFileType = sourcecode.swift; path = Parrot.swift; sourceTree = "<group>"; };
		49B9913F20FBF2BB0086FD01 /* Parekeet.swift */ = {isa = PBXFileReference; lastKnownFileType = sourcecode.swift; path = Parekeet.swift; sourceTree = "<group>"; };
		49B9914120FBF3280086FD01 /* Ferret.swift */ = {isa = PBXFileReference; lastKnownFileType = sourcecode.swift; path = Ferret.swift; sourceTree = "<group>"; };
		49B9914420FBF3660086FD01 /* AnimalFactory.swift */ = {isa = PBXFileReference; lastKnownFileType = sourcecode.swift; path = AnimalFactory.swift; sourceTree = "<group>"; };
		49B9914720FBF9BA0086FD01 /* DetailAnimalViewController.swift */ = {isa = PBXFileReference; lastKnownFileType = sourcecode.swift; path = DetailAnimalViewController.swift; sourceTree = "<group>"; };
		49B9914B20FBFB260086FD01 /* AnimalDataSource.swift */ = {isa = PBXFileReference; lastKnownFileType = sourcecode.swift; path = AnimalDataSource.swift; sourceTree = "<group>"; };
		49E3B46320FDF95C000E6E2E /* CurrentAnimalViewController.swift */ = {isa = PBXFileReference; lastKnownFileType = sourcecode.swift; path = CurrentAnimalViewController.swift; sourceTree = "<group>"; };
		49E3B46C20FDFD6C000E6E2E /* QuoteFactory.swift */ = {isa = PBXFileReference; lastKnownFileType = sourcecode.swift; path = QuoteFactory.swift; sourceTree = "<group>"; };
		49E3B46E20FDFDCB000E6E2E /* Quote.swift */ = {isa = PBXFileReference; lastKnownFileType = sourcecode.swift; path = Quote.swift; sourceTree = "<group>"; };
		49E3B47120FDFE82000E6E2E /* DogQuote.swift */ = {isa = PBXFileReference; lastKnownFileType = sourcecode.swift; path = DogQuote.swift; sourceTree = "<group>"; };
		49E3B47320FDFF1B000E6E2E /* CatQuote.swift */ = {isa = PBXFileReference; lastKnownFileType = sourcecode.swift; path = CatQuote.swift; sourceTree = "<group>"; };
		49E3B47520FDFF74000E6E2E /* ParrotQuote.swift */ = {isa = PBXFileReference; lastKnownFileType = sourcecode.swift; path = ParrotQuote.swift; sourceTree = "<group>"; };
		49E3B47720FDFFC3000E6E2E /* ParekeetQuote.swift */ = {isa = PBXFileReference; lastKnownFileType = sourcecode.swift; path = ParekeetQuote.swift; sourceTree = "<group>"; };
		49E3B47920FE0000000E6E2E /* FerretQuote.swift */ = {isa = PBXFileReference; lastKnownFileType = sourcecode.swift; path = FerretQuote.swift; sourceTree = "<group>"; };
		49E3B47C20FE0267000E6E2E /* QuoteRequester.swift */ = {isa = PBXFileReference; lastKnownFileType = sourcecode.swift; path = QuoteRequester.swift; sourceTree = "<group>"; };
/* End PBXFileReference section */

/* Begin PBXFrameworksBuildPhase section */
		49B9911A20FBE5600086FD01 /* Frameworks */ = {
			isa = PBXFrameworksBuildPhase;
			buildActionMask = 2147483647;
			files = (
			);
			runOnlyForDeploymentPostprocessing = 0;
		};
/* End PBXFrameworksBuildPhase section */

/* Begin PBXGroup section */
		49B9911420FBE5600086FD01 = {
			isa = PBXGroup;
			children = (
				49B9911F20FBE5600086FD01 /* AnimalProject */,
				49B9911E20FBE5600086FD01 /* Products */,
			);
			sourceTree = "<group>";
		};
		49B9911E20FBE5600086FD01 /* Products */ = {
			isa = PBXGroup;
			children = (
				49B9911D20FBE5600086FD01 /* AnimalProject.app */,
			);
			name = Products;
			sourceTree = "<group>";
		};
		49B9911F20FBE5600086FD01 /* AnimalProject */ = {
			isa = PBXGroup;
			children = (
				49E3B47B20FE01D2000E6E2E /* Requester */,
				49B9914620FBF38C0086FD01 /* Controllers */,
				49B9913620FBF1FF0086FD01 /* Models */,
				49B9912420FBE5600086FD01 /* Main.storyboard */,
				49B9912720FBE5610086FD01 /* Assets.xcassets */,
				49B9912920FBE5610086FD01 /* LaunchScreen.storyboard */,
				49B9912C20FBE5610086FD01 /* Info.plist */,
			);
			path = AnimalProject;
			sourceTree = "<group>";
		};
		49B9913620FBF1FF0086FD01 /* Models */ = {
			isa = PBXGroup;
			children = (
				49E3B47020FDFE79000E6E2E /* Quotes */,
				49E3B46720FDFBE6000E6E2E /* Species */,
				49B9914320FBF3540086FD01 /* Factory */,
				49B9912020FBE5600086FD01 /* AppDelegate.swift */,
			);
			path = Models;
			sourceTree = "<group>";
		};
		49B9914320FBF3540086FD01 /* Factory */ = {
			isa = PBXGroup;
			children = (
				49E3B46B20FDFD60000E6E2E /* Quote */,
				49E3B46820FDFBF3000E6E2E /* Animal */,
			);
			path = Factory;
			sourceTree = "<group>";
		};
		49B9914620FBF38C0086FD01 /* Controllers */ = {
			isa = PBXGroup;
			children = (
				49B9914A20FBFB120086FD01 /* Cell */,
				49B9914920FBFB090086FD01 /* DataSource */,
				49B9913420FBEFCF0086FD01 /* AnimalViewController.swift */,
				49B9914720FBF9BA0086FD01 /* DetailAnimalViewController.swift */,
				49E3B46320FDF95C000E6E2E /* CurrentAnimalViewController.swift */,
			);
			path = Controllers;
			sourceTree = "<group>";
		};
		49B9914920FBFB090086FD01 /* DataSource */ = {
			isa = PBXGroup;
			children = (
				49B9914B20FBFB260086FD01 /* AnimalDataSource.swift */,
			);
			path = DataSource;
			sourceTree = "<group>";
		};
		49B9914A20FBFB120086FD01 /* Cell */ = {
			isa = PBXGroup;
			children = (
				490DAA5120FCA8D7003C0628 /* AnimalTableViewCell.swift */,
				490DAA5220FCA8D7003C0628 /* AnimalTableViewCell.xib */,
			);
			path = Cell;
			sourceTree = "<group>";
		};
		49E3B46720FDFBE6000E6E2E /* Species */ = {
			isa = PBXGroup;
			children = (
				49B9913920FBF22C0086FD01 /* Dog.swift */,
				49B9913B20FBF27D0086FD01 /* Cat.swift */,
				49B9913D20FBF2A40086FD01 /* Parrot.swift */,
				49B9913F20FBF2BB0086FD01 /* Parekeet.swift */,
				49B9914120FBF3280086FD01 /* Ferret.swift */,
			);
			path = Species;
			sourceTree = "<group>";
		};
		49E3B46820FDFBF3000E6E2E /* Animal */ = {
			isa = PBXGroup;
			children = (
				49B9913720FBF20C0086FD01 /* Animal.swift */,
				49B9914420FBF3660086FD01 /* AnimalFactory.swift */,
			);
			path = Animal;
			sourceTree = "<group>";
		};
		49E3B46B20FDFD60000E6E2E /* Quote */ = {
			isa = PBXGroup;
			children = (
				49E3B46C20FDFD6C000E6E2E /* QuoteFactory.swift */,
				49E3B46E20FDFDCB000E6E2E /* Quote.swift */,
			);
			path = Quote;
			sourceTree = "<group>";
		};
		49E3B47020FDFE79000E6E2E /* Quotes */ = {
			isa = PBXGroup;
			children = (
				49E3B47120FDFE82000E6E2E /* DogQuote.swift */,
				49E3B47320FDFF1B000E6E2E /* CatQuote.swift */,
				49E3B47520FDFF74000E6E2E /* ParrotQuote.swift */,
				49E3B47720FDFFC3000E6E2E /* ParekeetQuote.swift */,
				49E3B47920FE0000000E6E2E /* FerretQuote.swift */,
			);
			path = Quotes;
			sourceTree = "<group>";
		};
		49E3B47B20FE01D2000E6E2E /* Requester */ = {
			isa = PBXGroup;
			children = (
				49E3B47C20FE0267000E6E2E /* QuoteRequester.swift */,
			);
			path = Requester;
			sourceTree = "<group>";
		};
/* End PBXGroup section */

/* Begin PBXNativeTarget section */
		49B9911C20FBE5600086FD01 /* AnimalProject */ = {
			isa = PBXNativeTarget;
			buildConfigurationList = 49B9912F20FBE5610086FD01 /* Build configuration list for PBXNativeTarget "AnimalProject" */;
			buildPhases = (
				49B9911920FBE5600086FD01 /* Sources */,
				49B9911A20FBE5600086FD01 /* Frameworks */,
				49B9911B20FBE5600086FD01 /* Resources */,
			);
			buildRules = (
			);
			dependencies = (
			);
			name = AnimalProject;
			productName = AnimalProject;
			productReference = 49B9911D20FBE5600086FD01 /* AnimalProject.app */;
			productType = "com.apple.product-type.application";
		};
/* End PBXNativeTarget section */

/* Begin PBXProject section */
		49B9911520FBE5600086FD01 /* Project object */ = {
			isa = PBXProject;
			attributes = {
				LastSwiftUpdateCheck = 0940;
				LastUpgradeCheck = 0940;
				ORGANIZATIONNAME = "Rodrigo Vianna";
				TargetAttributes = {
					49B9911C20FBE5600086FD01 = {
						CreatedOnToolsVersion = 9.4.1;
					};
				};
			};
			buildConfigurationList = 49B9911820FBE5600086FD01 /* Build configuration list for PBXProject "AnimalProject" */;
			compatibilityVersion = "Xcode 9.3";
			developmentRegion = en;
			hasScannedForEncodings = 0;
			knownRegions = (
				en,
				Base,
			);
			mainGroup = 49B9911420FBE5600086FD01;
			productRefGroup = 49B9911E20FBE5600086FD01 /* Products */;
			projectDirPath = "";
			projectRoot = "";
			targets = (
				49B9911C20FBE5600086FD01 /* AnimalProject */,
			);
		};
/* End PBXProject section */

/* Begin PBXResourcesBuildPhase section */
		49B9911B20FBE5600086FD01 /* Resources */ = {
			isa = PBXResourcesBuildPhase;
			buildActionMask = 2147483647;
			files = (
				49B9912B20FBE5610086FD01 /* LaunchScreen.storyboard in Resources */,
				490DAA5420FCA8D7003C0628 /* AnimalTableViewCell.xib in Resources */,
				49B9912820FBE5610086FD01 /* Assets.xcassets in Resources */,
				49B9912620FBE5600086FD01 /* Main.storyboard in Resources */,
			);
			runOnlyForDeploymentPostprocessing = 0;
		};
/* End PBXResourcesBuildPhase section */

/* Begin PBXSourcesBuildPhase section */
		49B9911920FBE5600086FD01 /* Sources */ = {
			isa = PBXSourcesBuildPhase;
			buildActionMask = 2147483647;
			files = (
				49B9914820FBF9BA0086FD01 /* DetailAnimalViewController.swift in Sources */,
				49E3B47220FDFE82000E6E2E /* DogQuote.swift in Sources */,
				49B9912120FBE5600086FD01 /* AppDelegate.swift in Sources */,
				49E3B47D20FE0267000E6E2E /* QuoteRequester.swift in Sources */,
				49B9913820FBF20C0086FD01 /* Animal.swift in Sources */,
				49B9913C20FBF27D0086FD01 /* Cat.swift in Sources */,
				49E3B47420FDFF1B000E6E2E /* CatQuote.swift in Sources */,
				49E3B47A20FE0000000E6E2E /* FerretQuote.swift in Sources */,
				49B9913520FBEFCF0086FD01 /* AnimalViewController.swift in Sources */,
				49B9913E20FBF2A40086FD01 /* Parrot.swift in Sources */,
				49E3B47620FDFF74000E6E2E /* ParrotQuote.swift in Sources */,
				49B9914C20FBFB260086FD01 /* AnimalDataSource.swift in Sources */,
				49E3B46420FDF95C000E6E2E /* CurrentAnimalViewController.swift in Sources */,
				49B9914220FBF3280086FD01 /* Ferret.swift in Sources */,
				49E3B46D20FDFD6C000E6E2E /* QuoteFactory.swift in Sources */,
				49E3B47820FDFFC3000E6E2E /* ParekeetQuote.swift in Sources */,
				49B9914520FBF3660086FD01 /* AnimalFactory.swift in Sources */,
				490DAA5320FCA8D7003C0628 /* AnimalTableViewCell.swift in Sources */,
				49B9913A20FBF22C0086FD01 /* Dog.swift in Sources */,
				49E3B46F20FDFDCB000E6E2E /* Quote.swift in Sources */,
				49B9914020FBF2BB0086FD01 /* Parekeet.swift in Sources */,
			);
			runOnlyForDeploymentPostprocessing = 0;
		};
/* End PBXSourcesBuildPhase section */

/* Begin PBXVariantGroup section */
		49B9912420FBE5600086FD01 /* Main.storyboard */ = {
			isa = PBXVariantGroup;
			children = (
				49B9912520FBE5600086FD01 /* Base */,
			);
			name = Main.storyboard;
			sourceTree = "<group>";
		};
		49B9912920FBE5610086FD01 /* LaunchScreen.storyboard */ = {
			isa = PBXVariantGroup;
			children = (
				49B9912A20FBE5610086FD01 /* Base */,
			);
			name = LaunchScreen.storyboard;
			sourceTree = "<group>";
		};
/* End PBXVariantGroup section */

/* Begin XCBuildConfiguration section */
		49B9912D20FBE5610086FD01 /* Debug */ = {
			isa = XCBuildConfiguration;
			buildSettings = {
				ALWAYS_SEARCH_USER_PATHS = NO;
				CLANG_ANALYZER_NONNULL = YES;
				CLANG_ANALYZER_NUMBER_OBJECT_CONVERSION = YES_AGGRESSIVE;
				CLANG_CXX_LANGUAGE_STANDARD = "gnu++14";
				CLANG_CXX_LIBRARY = "libc++";
				CLANG_ENABLE_MODULES = YES;
				CLANG_ENABLE_OBJC_ARC = YES;
				CLANG_ENABLE_OBJC_WEAK = YES;
				CLANG_WARN_BLOCK_CAPTURE_AUTORELEASING = YES;
				CLANG_WARN_BOOL_CONVERSION = YES;
				CLANG_WARN_COMMA = YES;
				CLANG_WARN_CONSTANT_CONVERSION = YES;
				CLANG_WARN_DEPRECATED_OBJC_IMPLEMENTATIONS = YES;
				CLANG_WARN_DIRECT_OBJC_ISA_USAGE = YES_ERROR;
				CLANG_WARN_DOCUMENTATION_COMMENTS = YES;
				CLANG_WARN_EMPTY_BODY = YES;
				CLANG_WARN_ENUM_CONVERSION = YES;
				CLANG_WARN_INFINITE_RECURSION = YES;
				CLANG_WARN_INT_CONVERSION = YES;
				CLANG_WARN_NON_LITERAL_NULL_CONVERSION = YES;
				CLANG_WARN_OBJC_IMPLICIT_RETAIN_SELF = YES;
				CLANG_WARN_OBJC_LITERAL_CONVERSION = YES;
				CLANG_WARN_OBJC_ROOT_CLASS = YES_ERROR;
				CLANG_WARN_RANGE_LOOP_ANALYSIS = YES;
				CLANG_WARN_STRICT_PROTOTYPES = YES;
				CLANG_WARN_SUSPICIOUS_MOVE = YES;
				CLANG_WARN_UNGUARDED_AVAILABILITY = YES_AGGRESSIVE;
				CLANG_WARN_UNREACHABLE_CODE = YES;
				CLANG_WARN__DUPLICATE_METHOD_MATCH = YES;
				CODE_SIGN_IDENTITY = "iPhone Developer";
				COPY_PHASE_STRIP = NO;
				DEBUG_INFORMATION_FORMAT = dwarf;
				ENABLE_STRICT_OBJC_MSGSEND = YES;
				ENABLE_TESTABILITY = YES;
				GCC_C_LANGUAGE_STANDARD = gnu11;
				GCC_DYNAMIC_NO_PIC = NO;
				GCC_NO_COMMON_BLOCKS = YES;
				GCC_OPTIMIZATION_LEVEL = 0;
				GCC_PREPROCESSOR_DEFINITIONS = (
					"DEBUG=1",
					"$(inherited)",
				);
				GCC_WARN_64_TO_32_BIT_CONVERSION = YES;
				GCC_WARN_ABOUT_RETURN_TYPE = YES_ERROR;
				GCC_WARN_UNDECLARED_SELECTOR = YES;
				GCC_WARN_UNINITIALIZED_AUTOS = YES_AGGRESSIVE;
				GCC_WARN_UNUSED_FUNCTION = YES;
				GCC_WARN_UNUSED_VARIABLE = YES;
				IPHONEOS_DEPLOYMENT_TARGET = 11.4;
				MTL_ENABLE_DEBUG_INFO = YES;
				ONLY_ACTIVE_ARCH = YES;
				SDKROOT = iphoneos;
				SWIFT_ACTIVE_COMPILATION_CONDITIONS = DEBUG;
				SWIFT_OPTIMIZATION_LEVEL = "-Onone";
			};
			name = Debug;
		};
		49B9912E20FBE5610086FD01 /* Release */ = {
			isa = XCBuildConfiguration;
			buildSettings = {
				ALWAYS_SEARCH_USER_PATHS = NO;
				CLANG_ANALYZER_NONNULL = YES;
				CLANG_ANALYZER_NUMBER_OBJECT_CONVERSION = YES_AGGRESSIVE;
				CLANG_CXX_LANGUAGE_STANDARD = "gnu++14";
				CLANG_CXX_LIBRARY = "libc++";
				CLANG_ENABLE_MODULES = YES;
				CLANG_ENABLE_OBJC_ARC = YES;
				CLANG_ENABLE_OBJC_WEAK = YES;
				CLANG_WARN_BLOCK_CAPTURE_AUTORELEASING = YES;
				CLANG_WARN_BOOL_CONVERSION = YES;
				CLANG_WARN_COMMA = YES;
				CLANG_WARN_CONSTANT_CONVERSION = YES;
				CLANG_WARN_DEPRECATED_OBJC_IMPLEMENTATIONS = YES;
				CLANG_WARN_DIRECT_OBJC_ISA_USAGE = YES_ERROR;
				CLANG_WARN_DOCUMENTATION_COMMENTS = YES;
				CLANG_WARN_EMPTY_BODY = YES;
				CLANG_WARN_ENUM_CONVERSION = YES;
				CLANG_WARN_INFINITE_RECURSION = YES;
				CLANG_WARN_INT_CONVERSION = YES;
				CLANG_WARN_NON_LITERAL_NULL_CONVERSION = YES;
				CLANG_WARN_OBJC_IMPLICIT_RETAIN_SELF = YES;
				CLANG_WARN_OBJC_LITERAL_CONVERSION = YES;
				CLANG_WARN_OBJC_ROOT_CLASS = YES_ERROR;
				CLANG_WARN_RANGE_LOOP_ANALYSIS = YES;
				CLANG_WARN_STRICT_PROTOTYPES = YES;
				CLANG_WARN_SUSPICIOUS_MOVE = YES;
				CLANG_WARN_UNGUARDED_AVAILABILITY = YES_AGGRESSIVE;
				CLANG_WARN_UNREACHABLE_CODE = YES;
				CLANG_WARN__DUPLICATE_METHOD_MATCH = YES;
				CODE_SIGN_IDENTITY = "iPhone Developer";
				COPY_PHASE_STRIP = NO;
				DEBUG_INFORMATION_FORMAT = "dwarf-with-dsym";
				ENABLE_NS_ASSERTIONS = NO;
				ENABLE_STRICT_OBJC_MSGSEND = YES;
				GCC_C_LANGUAGE_STANDARD = gnu11;
				GCC_NO_COMMON_BLOCKS = YES;
				GCC_WARN_64_TO_32_BIT_CONVERSION = YES;
				GCC_WARN_ABOUT_RETURN_TYPE = YES_ERROR;
				GCC_WARN_UNDECLARED_SELECTOR = YES;
				GCC_WARN_UNINITIALIZED_AUTOS = YES_AGGRESSIVE;
				GCC_WARN_UNUSED_FUNCTION = YES;
				GCC_WARN_UNUSED_VARIABLE = YES;
				IPHONEOS_DEPLOYMENT_TARGET = 11.4;
				MTL_ENABLE_DEBUG_INFO = NO;
				SDKROOT = iphoneos;
				SWIFT_COMPILATION_MODE = wholemodule;
				SWIFT_OPTIMIZATION_LEVEL = "-O";
				VALIDATE_PRODUCT = YES;
			};
			name = Release;
		};
		49B9913020FBE5610086FD01 /* Debug */ = {
			isa = XCBuildConfiguration;
			buildSettings = {
				ASSETCATALOG_COMPILER_APPICON_NAME = AppIcon;
				CODE_SIGN_STYLE = Automatic;
				DEVELOPMENT_TEAM = W2EVZPD948;
				INFOPLIST_FILE = AnimalProject/Info.plist;
				LD_RUNPATH_SEARCH_PATHS = (
					"$(inherited)",
					"@executable_path/Frameworks",
				);
				PRODUCT_BUNDLE_IDENTIFIER = br.com.AnimalProject;
				PRODUCT_NAME = "$(TARGET_NAME)";
				SWIFT_VERSION = 4.0;
				TARGETED_DEVICE_FAMILY = "1,2";
			};
			name = Debug;
		};
		49B9913120FBE5610086FD01 /* Release */ = {
			isa = XCBuildConfiguration;
			buildSettings = {
				ASSETCATALOG_COMPILER_APPICON_NAME = AppIcon;
				CODE_SIGN_STYLE = Automatic;
				DEVELOPMENT_TEAM = W2EVZPD948;
				INFOPLIST_FILE = AnimalProject/Info.plist;
				LD_RUNPATH_SEARCH_PATHS = (
					"$(inherited)",
					"@executable_path/Frameworks",
				);
				PRODUCT_BUNDLE_IDENTIFIER = br.com.AnimalProject;
				PRODUCT_NAME = "$(TARGET_NAME)";
				SWIFT_VERSION = 4.0;
				TARGETED_DEVICE_FAMILY = "1,2";
			};
			name = Release;
		};
/* End XCBuildConfiguration section */

/* Begin XCConfigurationList section */
		49B9911820FBE5600086FD01 /* Build configuration list for PBXProject "AnimalProject" */ = {
			isa = XCConfigurationList;
			buildConfigurations = (
				49B9912D20FBE5610086FD01 /* Debug */,
				49B9912E20FBE5610086FD01 /* Release */,
			);
			defaultConfigurationIsVisible = 0;
			defaultConfigurationName = Release;
		};
		49B9912F20FBE5610086FD01 /* Build configuration list for PBXNativeTarget "AnimalProject" */ = {
			isa = XCConfigurationList;
			buildConfigurations = (
				49B9913020FBE5610086FD01 /* Debug */,
				49B9913120FBE5610086FD01 /* Release */,
			);
			defaultConfigurationIsVisible = 0;
			defaultConfigurationName = Release;
		};
/* End XCConfigurationList section */
	};
	rootObject = 49B9911520FBE5600086FD01 /* Project object */;
}
